// !$*UTF8*$!
{
	archiveVersion = 1;
	classes = {
	};
	objectVersion = 52;
	objects = {

/* Begin PBXBuildFile section */
		9D2F567925C176CF00C9AAC9 /* Assets.xcassets in Resources */ = {isa = PBXBuildFile; fileRef = 9D2F567825C176CF00C9AAC9 /* Assets.xcassets */; };
		9D2F568025C176CF00C9AAC9 /* Inspi Watch Extension.appex in Embed App Extensions */ = {isa = PBXBuildFile; fileRef = 9D2F567F25C176CF00C9AAC9 /* Inspi Watch Extension.appex */; settings = {ATTRIBUTES = (RemoveHeadersOnCopy, ); }; };
		9D2F569725C176D000C9AAC9 /* Inspi Watch.app in Embed Watch Content */ = {isa = PBXBuildFile; fileRef = 9D2F567625C176CD00C9AAC9 /* Inspi Watch.app */; settings = {ATTRIBUTES = (RemoveHeadersOnCopy, ); }; };
		9D2F56AB25C1779300C9AAC9 /* InspiApp.swift in Sources */ = {isa = PBXBuildFile; fileRef = 9D2F56A525C1779300C9AAC9 /* InspiApp.swift */; };
		9D2F56AC25C1779300C9AAC9 /* NotificationController.swift in Sources */ = {isa = PBXBuildFile; fileRef = 9D2F56A625C1779300C9AAC9 /* NotificationController.swift */; };
		9D2F56AD25C1779300C9AAC9 /* ComplicationController.swift in Sources */ = {isa = PBXBuildFile; fileRef = 9D2F56A725C1779300C9AAC9 /* ComplicationController.swift */; };
		9D2F56AF25C1779300C9AAC9 /* NotificationView.swift in Sources */ = {isa = PBXBuildFile; fileRef = 9D2F56A925C1779300C9AAC9 /* NotificationView.swift */; };
		9D2F56B025C1779300C9AAC9 /* EpisodesView.swift in Sources */ = {isa = PBXBuildFile; fileRef = 9D2F56AA25C1779300C9AAC9 /* EpisodesView.swift */; };
		9D2F56B725C177A900C9AAC9 /* Preview Assets.xcassets in Resources */ = {isa = PBXBuildFile; fileRef = 9D2F56B625C177A900C9AAC9 /* Preview Assets.xcassets */; };
		9D2F56C325C1784200C9AAC9 /* EpisodesViewModel.swift in Sources */ = {isa = PBXBuildFile; fileRef = 9D2F56C225C1784200C9AAC9 /* EpisodesViewModel.swift */; };
		9D2F56C925C17AE200C9AAC9 /* RickAndMortyService.swift in Sources */ = {isa = PBXBuildFile; fileRef = 9DCF79BD25BF7D0700518621 /* RickAndMortyService.swift */; };
		9D2F56CF25C17B0900C9AAC9 /* Network.swift in Sources */ = {isa = PBXBuildFile; fileRef = 9D5DB7D925BF66A500D0F463 /* Network.swift */; };
		9D2F56DE25C17E2500C9AAC9 /* CharactersView.swift in Sources */ = {isa = PBXBuildFile; fileRef = 9D2F56DD25C17E2100C9AAC9 /* CharactersView.swift */; };
		9D2F56E425C17E2800C9AAC9 /* CharactersViewModel.swift in Sources */ = {isa = PBXBuildFile; fileRef = 9D2F56DC25C17E2100C9AAC9 /* CharactersViewModel.swift */; };
		9D2F56EC25C17E4B00C9AAC9 /* Kingfisher in Frameworks */ = {isa = PBXBuildFile; productRef = 9D2F56EB25C17E4B00C9AAC9 /* Kingfisher */; };
		9D5DB7A425BF662800D0F463 /* InspiApp.swift in Sources */ = {isa = PBXBuildFile; fileRef = 9D5DB7A325BF662800D0F463 /* InspiApp.swift */; };
		9D5DB7A625BF662800D0F463 /* ContentView.swift in Sources */ = {isa = PBXBuildFile; fileRef = 9D5DB7A525BF662800D0F463 /* ContentView.swift */; };
		9D5DB7A825BF662900D0F463 /* Assets.xcassets in Resources */ = {isa = PBXBuildFile; fileRef = 9D5DB7A725BF662900D0F463 /* Assets.xcassets */; };
		9D5DB7AB25BF662900D0F463 /* Preview Assets.xcassets in Resources */ = {isa = PBXBuildFile; fileRef = 9D5DB7AA25BF662900D0F463 /* Preview Assets.xcassets */; };
		9D5DB7AD25BF662900D0F463 /* Persistence.swift in Sources */ = {isa = PBXBuildFile; fileRef = 9D5DB7AC25BF662900D0F463 /* Persistence.swift */; };
		9D5DB7B025BF662900D0F463 /* Inspi.xcdatamodeld in Sources */ = {isa = PBXBuildFile; fileRef = 9D5DB7AE25BF662900D0F463 /* Inspi.xcdatamodeld */; };
		9D5DB7BB25BF662900D0F463 /* InspiTests.swift in Sources */ = {isa = PBXBuildFile; fileRef = 9D5DB7BA25BF662900D0F463 /* InspiTests.swift */; };
		9D5DB7C625BF662900D0F463 /* InspiUITests.swift in Sources */ = {isa = PBXBuildFile; fileRef = 9D5DB7C525BF662900D0F463 /* InspiUITests.swift */; };
		9D5DB7DA25BF66A500D0F463 /* Network.swift in Sources */ = {isa = PBXBuildFile; fileRef = 9D5DB7D925BF66A500D0F463 /* Network.swift */; };
		9D5DB7F725BF67F700D0F463 /* CharactersView.swift in Sources */ = {isa = PBXBuildFile; fileRef = 9D5DB7F525BF67F700D0F463 /* CharactersView.swift */; };
		9D5DB7FE25BF680600D0F463 /* EpisodesViewModel.swift in Sources */ = {isa = PBXBuildFile; fileRef = 9D5DB7FC25BF680600D0F463 /* EpisodesViewModel.swift */; };
		9D5DB7FF25BF680600D0F463 /* EpisodesView.swift in Sources */ = {isa = PBXBuildFile; fileRef = 9D5DB7FD25BF680600D0F463 /* EpisodesView.swift */; };
		9DCF79BE25BF7D0700518621 /* RickAndMortyService.swift in Sources */ = {isa = PBXBuildFile; fileRef = 9DCF79BD25BF7D0700518621 /* RickAndMortyService.swift */; };
		9DCF79D225BF8EA200518621 /* CharactersViewModel.swift in Sources */ = {isa = PBXBuildFile; fileRef = 9DCF79D125BF8EA200518621 /* CharactersViewModel.swift */; };
		9DCF79D825C01BF000518621 /* Kingfisher in Frameworks */ = {isa = PBXBuildFile; productRef = 9DCF79D725C01BF000518621 /* Kingfisher */; };
/* End PBXBuildFile section */

/* Begin PBXContainerItemProxy section */
		9D2F568125C176CF00C9AAC9 /* PBXContainerItemProxy */ = {
			isa = PBXContainerItemProxy;
			containerPortal = 9D5DB79825BF662800D0F463 /* Project object */;
			proxyType = 1;
			remoteGlobalIDString = 9D2F567E25C176CF00C9AAC9;
			remoteInfo = "Inspi Watch Extension";
		};
		9D2F569525C176D000C9AAC9 /* PBXContainerItemProxy */ = {
			isa = PBXContainerItemProxy;
			containerPortal = 9D5DB79825BF662800D0F463 /* Project object */;
			proxyType = 1;
			remoteGlobalIDString = 9D2F567525C176CD00C9AAC9;
			remoteInfo = "Inspi Watch";
		};
		9D5DB7B725BF662900D0F463 /* PBXContainerItemProxy */ = {
			isa = PBXContainerItemProxy;
			containerPortal = 9D5DB79825BF662800D0F463 /* Project object */;
			proxyType = 1;
			remoteGlobalIDString = 9D5DB79F25BF662800D0F463;
			remoteInfo = Inspi;
		};
		9D5DB7C225BF662900D0F463 /* PBXContainerItemProxy */ = {
			isa = PBXContainerItemProxy;
			containerPortal = 9D5DB79825BF662800D0F463 /* Project object */;
			proxyType = 1;
			remoteGlobalIDString = 9D5DB79F25BF662800D0F463;
			remoteInfo = Inspi;
		};
/* End PBXContainerItemProxy section */

/* Begin PBXCopyFilesBuildPhase section */
		9D2F569825C176D000C9AAC9 /* Embed Watch Content */ = {
			isa = PBXCopyFilesBuildPhase;
			buildActionMask = 2147483647;
			dstPath = "$(CONTENTS_FOLDER_PATH)/Watch";
			dstSubfolderSpec = 16;
			files = (
				9D2F569725C176D000C9AAC9 /* Inspi Watch.app in Embed Watch Content */,
			);
			name = "Embed Watch Content";
			runOnlyForDeploymentPostprocessing = 0;
		};
		9D2F569B25C176D000C9AAC9 /* Embed App Extensions */ = {
			isa = PBXCopyFilesBuildPhase;
			buildActionMask = 2147483647;
			dstPath = "";
			dstSubfolderSpec = 13;
			files = (
				9D2F568025C176CF00C9AAC9 /* Inspi Watch Extension.appex in Embed App Extensions */,
			);
			name = "Embed App Extensions";
			runOnlyForDeploymentPostprocessing = 0;
		};
/* End PBXCopyFilesBuildPhase section */

/* Begin PBXFileReference section */
		9D2F567625C176CD00C9AAC9 /* Inspi Watch.app */ = {isa = PBXFileReference; explicitFileType = wrapper.application; includeInIndex = 0; path = "Inspi Watch.app"; sourceTree = BUILT_PRODUCTS_DIR; };
		9D2F567825C176CF00C9AAC9 /* Assets.xcassets */ = {isa = PBXFileReference; lastKnownFileType = folder.assetcatalog; path = Assets.xcassets; sourceTree = "<group>"; };
		9D2F567A25C176CF00C9AAC9 /* Info.plist */ = {isa = PBXFileReference; lastKnownFileType = text.plist.xml; path = Info.plist; sourceTree = "<group>"; };
		9D2F567F25C176CF00C9AAC9 /* Inspi Watch Extension.appex */ = {isa = PBXFileReference; explicitFileType = "wrapper.app-extension"; includeInIndex = 0; path = "Inspi Watch Extension.appex"; sourceTree = BUILT_PRODUCTS_DIR; };
		9D2F56A525C1779300C9AAC9 /* InspiApp.swift */ = {isa = PBXFileReference; fileEncoding = 4; lastKnownFileType = sourcecode.swift; name = InspiApp.swift; path = "Inspi Watch Extension/InspiApp.swift"; sourceTree = SOURCE_ROOT; };
		9D2F56A625C1779300C9AAC9 /* NotificationController.swift */ = {isa = PBXFileReference; fileEncoding = 4; lastKnownFileType = sourcecode.swift; name = NotificationController.swift; path = "Inspi Watch Extension/NotificationController.swift"; sourceTree = SOURCE_ROOT; };
		9D2F56A725C1779300C9AAC9 /* ComplicationController.swift */ = {isa = PBXFileReference; fileEncoding = 4; lastKnownFileType = sourcecode.swift; name = ComplicationController.swift; path = "Inspi Watch Extension/ComplicationController.swift"; sourceTree = SOURCE_ROOT; };
		9D2F56A825C1779300C9AAC9 /* PushNotificationPayload.apns */ = {isa = PBXFileReference; lastKnownFileType = text; name = PushNotificationPayload.apns; path = "Inspi Watch Extension/PushNotificationPayload.apns"; sourceTree = SOURCE_ROOT; };
		9D2F56A925C1779300C9AAC9 /* NotificationView.swift */ = {isa = PBXFileReference; fileEncoding = 4; lastKnownFileType = sourcecode.swift; name = NotificationView.swift; path = "Inspi Watch Extension/NotificationView.swift"; sourceTree = SOURCE_ROOT; };
		9D2F56AA25C1779300C9AAC9 /* EpisodesView.swift */ = {isa = PBXFileReference; fileEncoding = 4; lastKnownFileType = sourcecode.swift; name = EpisodesView.swift; path = "Inspi Watch Extension/Episodes/EpisodesView.swift"; sourceTree = SOURCE_ROOT; };
		9D2F56B625C177A900C9AAC9 /* Preview Assets.xcassets */ = {isa = PBXFileReference; lastKnownFileType = folder.assetcatalog; path = "Preview Assets.xcassets"; sourceTree = "<group>"; };
		9D2F56C225C1784200C9AAC9 /* EpisodesViewModel.swift */ = {isa = PBXFileReference; lastKnownFileType = sourcecode.swift; path = EpisodesViewModel.swift; sourceTree = "<group>"; };
		9D2F56DC25C17E2100C9AAC9 /* CharactersViewModel.swift */ = {isa = PBXFileReference; lastKnownFileType = sourcecode.swift; path = CharactersViewModel.swift; sourceTree = "<group>"; };
		9D2F56DD25C17E2100C9AAC9 /* CharactersView.swift */ = {isa = PBXFileReference; lastKnownFileType = sourcecode.swift; path = CharactersView.swift; sourceTree = "<group>"; };
		9D5DB7A025BF662800D0F463 /* Inspi.app */ = {isa = PBXFileReference; explicitFileType = wrapper.application; includeInIndex = 0; path = Inspi.app; sourceTree = BUILT_PRODUCTS_DIR; };
		9D5DB7A325BF662800D0F463 /* InspiApp.swift */ = {isa = PBXFileReference; lastKnownFileType = sourcecode.swift; path = InspiApp.swift; sourceTree = "<group>"; };
		9D5DB7A525BF662800D0F463 /* ContentView.swift */ = {isa = PBXFileReference; lastKnownFileType = sourcecode.swift; path = ContentView.swift; sourceTree = "<group>"; };
		9D5DB7A725BF662900D0F463 /* Assets.xcassets */ = {isa = PBXFileReference; lastKnownFileType = folder.assetcatalog; path = Assets.xcassets; sourceTree = "<group>"; };
		9D5DB7AA25BF662900D0F463 /* Preview Assets.xcassets */ = {isa = PBXFileReference; lastKnownFileType = folder.assetcatalog; path = "Preview Assets.xcassets"; sourceTree = "<group>"; };
		9D5DB7AC25BF662900D0F463 /* Persistence.swift */ = {isa = PBXFileReference; lastKnownFileType = sourcecode.swift; path = Persistence.swift; sourceTree = "<group>"; };
		9D5DB7AF25BF662900D0F463 /* Inspi.xcdatamodel */ = {isa = PBXFileReference; lastKnownFileType = wrapper.xcdatamodel; path = Inspi.xcdatamodel; sourceTree = "<group>"; };
		9D5DB7B125BF662900D0F463 /* Info.plist */ = {isa = PBXFileReference; lastKnownFileType = text.plist.xml; path = Info.plist; sourceTree = "<group>"; };
		9D5DB7B625BF662900D0F463 /* InspiTests.xctest */ = {isa = PBXFileReference; explicitFileType = wrapper.cfbundle; includeInIndex = 0; path = InspiTests.xctest; sourceTree = BUILT_PRODUCTS_DIR; };
		9D5DB7BA25BF662900D0F463 /* InspiTests.swift */ = {isa = PBXFileReference; lastKnownFileType = sourcecode.swift; path = InspiTests.swift; sourceTree = "<group>"; };
		9D5DB7BC25BF662900D0F463 /* Info.plist */ = {isa = PBXFileReference; lastKnownFileType = text.plist.xml; path = Info.plist; sourceTree = "<group>"; };
		9D5DB7C125BF662900D0F463 /* InspiUITests.xctest */ = {isa = PBXFileReference; explicitFileType = wrapper.cfbundle; includeInIndex = 0; path = InspiUITests.xctest; sourceTree = BUILT_PRODUCTS_DIR; };
		9D5DB7C525BF662900D0F463 /* InspiUITests.swift */ = {isa = PBXFileReference; lastKnownFileType = sourcecode.swift; path = InspiUITests.swift; sourceTree = "<group>"; };
		9D5DB7C725BF662900D0F463 /* Info.plist */ = {isa = PBXFileReference; lastKnownFileType = text.plist.xml; path = Info.plist; sourceTree = "<group>"; };
		9D5DB7D925BF66A500D0F463 /* Network.swift */ = {isa = PBXFileReference; fileEncoding = 4; lastKnownFileType = sourcecode.swift; path = Network.swift; sourceTree = "<group>"; };
		9D5DB7F525BF67F700D0F463 /* CharactersView.swift */ = {isa = PBXFileReference; fileEncoding = 4; lastKnownFileType = sourcecode.swift; path = CharactersView.swift; sourceTree = "<group>"; };
		9D5DB7FC25BF680600D0F463 /* EpisodesViewModel.swift */ = {isa = PBXFileReference; fileEncoding = 4; lastKnownFileType = sourcecode.swift; path = EpisodesViewModel.swift; sourceTree = "<group>"; };
		9D5DB7FD25BF680600D0F463 /* EpisodesView.swift */ = {isa = PBXFileReference; fileEncoding = 4; lastKnownFileType = sourcecode.swift; path = EpisodesView.swift; sourceTree = "<group>"; };
		9DCF79BD25BF7D0700518621 /* RickAndMortyService.swift */ = {isa = PBXFileReference; lastKnownFileType = sourcecode.swift; path = RickAndMortyService.swift; sourceTree = "<group>"; };
		9DCF79D125BF8EA200518621 /* CharactersViewModel.swift */ = {isa = PBXFileReference; lastKnownFileType = sourcecode.swift; path = CharactersViewModel.swift; sourceTree = "<group>"; };
/* End PBXFileReference section */

/* Begin PBXFrameworksBuildPhase section */
		9D2F567C25C176CF00C9AAC9 /* Frameworks */ = {
			isa = PBXFrameworksBuildPhase;
			buildActionMask = 2147483647;
			files = (
				9D2F56EC25C17E4B00C9AAC9 /* Kingfisher in Frameworks */,
			);
			runOnlyForDeploymentPostprocessing = 0;
		};
		9D5DB79D25BF662800D0F463 /* Frameworks */ = {
			isa = PBXFrameworksBuildPhase;
			buildActionMask = 2147483647;
			files = (
				9DCF79D825C01BF000518621 /* Kingfisher in Frameworks */,
			);
			runOnlyForDeploymentPostprocessing = 0;
		};
		9D5DB7B325BF662900D0F463 /* Frameworks */ = {
			isa = PBXFrameworksBuildPhase;
			buildActionMask = 2147483647;
			files = (
			);
			runOnlyForDeploymentPostprocessing = 0;
		};
		9D5DB7BE25BF662900D0F463 /* Frameworks */ = {
			isa = PBXFrameworksBuildPhase;
			buildActionMask = 2147483647;
			files = (
			);
			runOnlyForDeploymentPostprocessing = 0;
		};
/* End PBXFrameworksBuildPhase section */

/* Begin PBXGroup section */
		9D2F567725C176CD00C9AAC9 /* Inspi Watch */ = {
			isa = PBXGroup;
			children = (
				9D2F567825C176CF00C9AAC9 /* Assets.xcassets */,
				9D2F567A25C176CF00C9AAC9 /* Info.plist */,
			);
			path = "Inspi Watch";
			sourceTree = "<group>";
		};
		9D2F568325C176CF00C9AAC9 /* Inspi Watch Extension */ = {
			isa = PBXGroup;
			children = (
				9D2F56D625C17D9100C9AAC9 /* Characters */,
				9D2F56D525C17D7000C9AAC9 /* Episodes */,
				9D2F56A725C1779300C9AAC9 /* ComplicationController.swift */,
				9D2F56A525C1779300C9AAC9 /* InspiApp.swift */,
				9D2F56A625C1779300C9AAC9 /* NotificationController.swift */,
				9D2F56A925C1779300C9AAC9 /* NotificationView.swift */,
				9D2F56A825C1779300C9AAC9 /* PushNotificationPayload.apns */,
				9D2F569025C176D000C9AAC9 /* Preview Content */,
			);
			path = "Inspi Watch Extension";
			sourceTree = "<group>";
		};
		9D2F569025C176D000C9AAC9 /* Preview Content */ = {
			isa = PBXGroup;
			children = (
				9D2F56B625C177A900C9AAC9 /* Preview Assets.xcassets */,
			);
			path = "Preview Content";
			sourceTree = "<group>";
		};
		9D2F56D525C17D7000C9AAC9 /* Episodes */ = {
			isa = PBXGroup;
			children = (
				9D2F56AA25C1779300C9AAC9 /* EpisodesView.swift */,
				9D2F56C225C1784200C9AAC9 /* EpisodesViewModel.swift */,
			);
			path = Episodes;
			sourceTree = "<group>";
		};
		9D2F56D625C17D9100C9AAC9 /* Characters */ = {
			isa = PBXGroup;
			children = (
				9D2F56DD25C17E2100C9AAC9 /* CharactersView.swift */,
				9D2F56DC25C17E2100C9AAC9 /* CharactersViewModel.swift */,
			);
			path = Characters;
			sourceTree = "<group>";
		};
		9D2F56EA25C17E4B00C9AAC9 /* Frameworks */ = {
			isa = PBXGroup;
			children = (
			);
			name = Frameworks;
			sourceTree = "<group>";
		};
		9D5DB79725BF662800D0F463 = {
			isa = PBXGroup;
			children = (
				9D5DB7A225BF662800D0F463 /* Inspi */,
				9D5DB7B925BF662900D0F463 /* InspiTests */,
				9D5DB7C425BF662900D0F463 /* InspiUITests */,
				9D2F567725C176CD00C9AAC9 /* Inspi Watch */,
				9D2F568325C176CF00C9AAC9 /* Inspi Watch Extension */,
				9D5DB7A125BF662800D0F463 /* Products */,
				9D2F56EA25C17E4B00C9AAC9 /* Frameworks */,
			);
			sourceTree = "<group>";
		};
		9D5DB7A125BF662800D0F463 /* Products */ = {
			isa = PBXGroup;
			children = (
				9D5DB7A025BF662800D0F463 /* Inspi.app */,
				9D5DB7B625BF662900D0F463 /* InspiTests.xctest */,
				9D5DB7C125BF662900D0F463 /* InspiUITests.xctest */,
				9D2F567625C176CD00C9AAC9 /* Inspi Watch.app */,
				9D2F567F25C176CF00C9AAC9 /* Inspi Watch Extension.appex */,
			);
			name = Products;
			sourceTree = "<group>";
		};
		9D5DB7A225BF662800D0F463 /* Inspi */ = {
			isa = PBXGroup;
			children = (
				9D5DB7F225BF67C900D0F463 /* Scene */,
				9D5DB7E625BF66C500D0F463 /* Service */,
				9D5DB7D825BF668C00D0F463 /* Framework */,
				9D5DB7D725BF665F00D0F463 /* Model */,
				9D5DB7D625BF664F00D0F463 /* Foundation */,
				9D5DB7A925BF662900D0F463 /* Preview Content */,
			);
			path = Inspi;
			sourceTree = "<group>";
		};
		9D5DB7A925BF662900D0F463 /* Preview Content */ = {
			isa = PBXGroup;
			children = (
				9D5DB7AA25BF662900D0F463 /* Preview Assets.xcassets */,
			);
			path = "Preview Content";
			sourceTree = "<group>";
		};
		9D5DB7B925BF662900D0F463 /* InspiTests */ = {
			isa = PBXGroup;
			children = (
				9D5DB7BA25BF662900D0F463 /* InspiTests.swift */,
				9D5DB7BC25BF662900D0F463 /* Info.plist */,
			);
			path = InspiTests;
			sourceTree = "<group>";
		};
		9D5DB7C425BF662900D0F463 /* InspiUITests */ = {
			isa = PBXGroup;
			children = (
				9D5DB7C525BF662900D0F463 /* InspiUITests.swift */,
				9D5DB7C725BF662900D0F463 /* Info.plist */,
			);
			path = InspiUITests;
			sourceTree = "<group>";
		};
		9D5DB7D625BF664F00D0F463 /* Foundation */ = {
			isa = PBXGroup;
			children = (
				9D5DB7B125BF662900D0F463 /* Info.plist */,
				9D5DB7A325BF662800D0F463 /* InspiApp.swift */,
				9D5DB7A525BF662800D0F463 /* ContentView.swift */,
				9D5DB7A725BF662900D0F463 /* Assets.xcassets */,
				9D5DB7AC25BF662900D0F463 /* Persistence.swift */,
			);
			path = Foundation;
			sourceTree = "<group>";
		};
		9D5DB7D725BF665F00D0F463 /* Model */ = {
			isa = PBXGroup;
			children = (
				9D5DB7AE25BF662900D0F463 /* Inspi.xcdatamodeld */,
			);
			path = Model;
			sourceTree = "<group>";
		};
		9D5DB7D825BF668C00D0F463 /* Framework */ = {
			isa = PBXGroup;
			children = (
				9D5DB7D925BF66A500D0F463 /* Network.swift */,
			);
			path = Framework;
			sourceTree = "<group>";
		};
		9D5DB7E625BF66C500D0F463 /* Service */ = {
			isa = PBXGroup;
			children = (
				9DCF79BD25BF7D0700518621 /* RickAndMortyService.swift */,
			);
			path = Service;
			sourceTree = "<group>";
		};
		9D5DB7F225BF67C900D0F463 /* Scene */ = {
			isa = PBXGroup;
			children = (
				9D5DB7F425BF67DB00D0F463 /* Characters */,
				9D5DB7F325BF67D500D0F463 /* Episodes */,
			);
			path = Scene;
			sourceTree = "<group>";
		};
		9D5DB7F325BF67D500D0F463 /* Episodes */ = {
			isa = PBXGroup;
			children = (
				9D5DB7FD25BF680600D0F463 /* EpisodesView.swift */,
				9D5DB7FC25BF680600D0F463 /* EpisodesViewModel.swift */,
			);
			path = Episodes;
			sourceTree = "<group>";
		};
		9D5DB7F425BF67DB00D0F463 /* Characters */ = {
			isa = PBXGroup;
			children = (
				9D5DB7F525BF67F700D0F463 /* CharactersView.swift */,
				9DCF79D125BF8EA200518621 /* CharactersViewModel.swift */,
			);
			path = Characters;
			sourceTree = "<group>";
		};
/* End PBXGroup section */

/* Begin PBXNativeTarget section */
		9D2F567525C176CD00C9AAC9 /* Inspi Watch */ = {
			isa = PBXNativeTarget;
			buildConfigurationList = 9D2F569F25C176D000C9AAC9 /* Build configuration list for PBXNativeTarget "Inspi Watch" */;
			buildPhases = (
				9D2F567425C176CD00C9AAC9 /* Resources */,
				9D2F569B25C176D000C9AAC9 /* Embed App Extensions */,
			);
			buildRules = (
			);
			dependencies = (
				9D2F568225C176CF00C9AAC9 /* PBXTargetDependency */,
			);
			name = "Inspi Watch";
			productName = "Inspi Watch";
			productReference = 9D2F567625C176CD00C9AAC9 /* Inspi Watch.app */;
			productType = "com.apple.product-type.application.watchapp2";
		};
		9D2F567E25C176CF00C9AAC9 /* Inspi Watch Extension */ = {
			isa = PBXNativeTarget;
			buildConfigurationList = 9D2F569E25C176D000C9AAC9 /* Build configuration list for PBXNativeTarget "Inspi Watch Extension" */;
			buildPhases = (
				9D2F567B25C176CF00C9AAC9 /* Sources */,
				9D2F567C25C176CF00C9AAC9 /* Frameworks */,
				9D2F567D25C176CF00C9AAC9 /* Resources */,
			);
			buildRules = (
			);
			dependencies = (
			);
			name = "Inspi Watch Extension";
			packageProductDependencies = (
				9D2F56EB25C17E4B00C9AAC9 /* Kingfisher */,
			);
			productName = "Inspi Watch Extension";
			productReference = 9D2F567F25C176CF00C9AAC9 /* Inspi Watch Extension.appex */;
			productType = "com.apple.product-type.watchkit2-extension";
		};
		9D5DB79F25BF662800D0F463 /* Inspi */ = {
			isa = PBXNativeTarget;
			buildConfigurationList = 9D5DB7CA25BF662900D0F463 /* Build configuration list for PBXNativeTarget "Inspi" */;
			buildPhases = (
				9D5DB79C25BF662800D0F463 /* Sources */,
				9D5DB79D25BF662800D0F463 /* Frameworks */,
				9D5DB79E25BF662800D0F463 /* Resources */,
				9D2F569825C176D000C9AAC9 /* Embed Watch Content */,
			);
			buildRules = (
			);
			dependencies = (
				9D2F569625C176D000C9AAC9 /* PBXTargetDependency */,
			);
			name = Inspi;
			packageProductDependencies = (
				9DCF79D725C01BF000518621 /* Kingfisher */,
			);
			productName = Inspi;
			productReference = 9D5DB7A025BF662800D0F463 /* Inspi.app */;
			productType = "com.apple.product-type.application";
		};
		9D5DB7B525BF662900D0F463 /* InspiTests */ = {
			isa = PBXNativeTarget;
			buildConfigurationList = 9D5DB7CD25BF662900D0F463 /* Build configuration list for PBXNativeTarget "InspiTests" */;
			buildPhases = (
				9D5DB7B225BF662900D0F463 /* Sources */,
				9D5DB7B325BF662900D0F463 /* Frameworks */,
				9D5DB7B425BF662900D0F463 /* Resources */,
			);
			buildRules = (
			);
			dependencies = (
				9D5DB7B825BF662900D0F463 /* PBXTargetDependency */,
			);
			name = InspiTests;
			productName = InspiTests;
			productReference = 9D5DB7B625BF662900D0F463 /* InspiTests.xctest */;
			productType = "com.apple.product-type.bundle.unit-test";
		};
		9D5DB7C025BF662900D0F463 /* InspiUITests */ = {
			isa = PBXNativeTarget;
			buildConfigurationList = 9D5DB7D025BF662900D0F463 /* Build configuration list for PBXNativeTarget "InspiUITests" */;
			buildPhases = (
				9D5DB7BD25BF662900D0F463 /* Sources */,
				9D5DB7BE25BF662900D0F463 /* Frameworks */,
				9D5DB7BF25BF662900D0F463 /* Resources */,
			);
			buildRules = (
			);
			dependencies = (
				9D5DB7C325BF662900D0F463 /* PBXTargetDependency */,
			);
			name = InspiUITests;
			productName = InspiUITests;
			productReference = 9D5DB7C125BF662900D0F463 /* InspiUITests.xctest */;
			productType = "com.apple.product-type.bundle.ui-testing";
		};
/* End PBXNativeTarget section */

/* Begin PBXProject section */
		9D5DB79825BF662800D0F463 /* Project object */ = {
			isa = PBXProject;
			attributes = {
				LastSwiftUpdateCheck = 1230;
				LastUpgradeCheck = 1230;
				TargetAttributes = {
					9D2F567525C176CD00C9AAC9 = {
						CreatedOnToolsVersion = 12.3;
					};
					9D2F567E25C176CF00C9AAC9 = {
						CreatedOnToolsVersion = 12.3;
						LastSwiftMigration = 1230;
					};
					9D5DB79F25BF662800D0F463 = {
						CreatedOnToolsVersion = 12.3;
					};
					9D5DB7B525BF662900D0F463 = {
						CreatedOnToolsVersion = 12.3;
						TestTargetID = 9D5DB79F25BF662800D0F463;
					};
					9D5DB7C025BF662900D0F463 = {
						CreatedOnToolsVersion = 12.3;
						TestTargetID = 9D5DB79F25BF662800D0F463;
					};
				};
			};
			buildConfigurationList = 9D5DB79B25BF662800D0F463 /* Build configuration list for PBXProject "Inspi" */;
			compatibilityVersion = "Xcode 9.3";
			developmentRegion = en;
			hasScannedForEncodings = 0;
			knownRegions = (
				en,
				Base,
			);
			mainGroup = 9D5DB79725BF662800D0F463;
			packageReferences = (
				9DCF79D625C01BF000518621 /* XCRemoteSwiftPackageReference "Kingfisher" */,
			);
			productRefGroup = 9D5DB7A125BF662800D0F463 /* Products */;
			projectDirPath = "";
			projectRoot = "";
			targets = (
				9D5DB79F25BF662800D0F463 /* Inspi */,
				9D5DB7B525BF662900D0F463 /* InspiTests */,
				9D5DB7C025BF662900D0F463 /* InspiUITests */,
				9D2F567525C176CD00C9AAC9 /* Inspi Watch */,
				9D2F567E25C176CF00C9AAC9 /* Inspi Watch Extension */,
			);
		};
/* End PBXProject section */

/* Begin PBXResourcesBuildPhase section */
		9D2F567425C176CD00C9AAC9 /* Resources */ = {
			isa = PBXResourcesBuildPhase;
			buildActionMask = 2147483647;
			files = (
				9D2F567925C176CF00C9AAC9 /* Assets.xcassets in Resources */,
			);
			runOnlyForDeploymentPostprocessing = 0;
		};
		9D2F567D25C176CF00C9AAC9 /* Resources */ = {
			isa = PBXResourcesBuildPhase;
			buildActionMask = 2147483647;
			files = (
				9D2F56B725C177A900C9AAC9 /* Preview Assets.xcassets in Resources */,
			);
			runOnlyForDeploymentPostprocessing = 0;
		};
		9D5DB79E25BF662800D0F463 /* Resources */ = {
			isa = PBXResourcesBuildPhase;
			buildActionMask = 2147483647;
			files = (
				9D5DB7AB25BF662900D0F463 /* Preview Assets.xcassets in Resources */,
				9D5DB7A825BF662900D0F463 /* Assets.xcassets in Resources */,
			);
			runOnlyForDeploymentPostprocessing = 0;
		};
		9D5DB7B425BF662900D0F463 /* Resources */ = {
			isa = PBXResourcesBuildPhase;
			buildActionMask = 2147483647;
			files = (
			);
			runOnlyForDeploymentPostprocessing = 0;
		};
		9D5DB7BF25BF662900D0F463 /* Resources */ = {
			isa = PBXResourcesBuildPhase;
			buildActionMask = 2147483647;
			files = (
			);
			runOnlyForDeploymentPostprocessing = 0;
		};
/* End PBXResourcesBuildPhase section */

/* Begin PBXSourcesBuildPhase section */
		9D2F567B25C176CF00C9AAC9 /* Sources */ = {
			isa = PBXSourcesBuildPhase;
			buildActionMask = 2147483647;
			files = (
				9D2F56AC25C1779300C9AAC9 /* NotificationController.swift in Sources */,
				9D2F56B025C1779300C9AAC9 /* EpisodesView.swift in Sources */,
				9D2F56CF25C17B0900C9AAC9 /* Network.swift in Sources */,
				9D2F56C325C1784200C9AAC9 /* EpisodesViewModel.swift in Sources */,
				9D2F56E425C17E2800C9AAC9 /* CharactersViewModel.swift in Sources */,
				9D2F56C925C17AE200C9AAC9 /* RickAndMortyService.swift in Sources */,
				9D2F56DE25C17E2500C9AAC9 /* CharactersView.swift in Sources */,
				9D2F56AB25C1779300C9AAC9 /* InspiApp.swift in Sources */,
				9D2F56AD25C1779300C9AAC9 /* ComplicationController.swift in Sources */,
				9D2F56AF25C1779300C9AAC9 /* NotificationView.swift in Sources */,
			);
			runOnlyForDeploymentPostprocessing = 0;
		};
		9D5DB79C25BF662800D0F463 /* Sources */ = {
			isa = PBXSourcesBuildPhase;
			buildActionMask = 2147483647;
			files = (
				9D5DB7DA25BF66A500D0F463 /* Network.swift in Sources */,
				9D5DB7F725BF67F700D0F463 /* CharactersView.swift in Sources */,
				9D5DB7AD25BF662900D0F463 /* Persistence.swift in Sources */,
				9D5DB7B025BF662900D0F463 /* Inspi.xcdatamodeld in Sources */,
				9DCF79D225BF8EA200518621 /* CharactersViewModel.swift in Sources */,
				9D5DB7A625BF662800D0F463 /* ContentView.swift in Sources */,
				9D5DB7FE25BF680600D0F463 /* EpisodesViewModel.swift in Sources */,
				9D5DB7FF25BF680600D0F463 /* EpisodesView.swift in Sources */,
				9DCF79BE25BF7D0700518621 /* RickAndMortyService.swift in Sources */,
				9D5DB7A425BF662800D0F463 /* InspiApp.swift in Sources */,
			);
			runOnlyForDeploymentPostprocessing = 0;
		};
		9D5DB7B225BF662900D0F463 /* Sources */ = {
			isa = PBXSourcesBuildPhase;
			buildActionMask = 2147483647;
			files = (
				9D5DB7BB25BF662900D0F463 /* InspiTests.swift in Sources */,
			);
			runOnlyForDeploymentPostprocessing = 0;
		};
		9D5DB7BD25BF662900D0F463 /* Sources */ = {
			isa = PBXSourcesBuildPhase;
			buildActionMask = 2147483647;
			files = (
				9D5DB7C625BF662900D0F463 /* InspiUITests.swift in Sources */,
			);
			runOnlyForDeploymentPostprocessing = 0;
		};
/* End PBXSourcesBuildPhase section */

/* Begin PBXTargetDependency section */
		9D2F568225C176CF00C9AAC9 /* PBXTargetDependency */ = {
			isa = PBXTargetDependency;
			target = 9D2F567E25C176CF00C9AAC9 /* Inspi Watch Extension */;
			targetProxy = 9D2F568125C176CF00C9AAC9 /* PBXContainerItemProxy */;
		};
		9D2F569625C176D000C9AAC9 /* PBXTargetDependency */ = {
			isa = PBXTargetDependency;
			target = 9D2F567525C176CD00C9AAC9 /* Inspi Watch */;
			targetProxy = 9D2F569525C176D000C9AAC9 /* PBXContainerItemProxy */;
		};
		9D5DB7B825BF662900D0F463 /* PBXTargetDependency */ = {
			isa = PBXTargetDependency;
			target = 9D5DB79F25BF662800D0F463 /* Inspi */;
			targetProxy = 9D5DB7B725BF662900D0F463 /* PBXContainerItemProxy */;
		};
		9D5DB7C325BF662900D0F463 /* PBXTargetDependency */ = {
			isa = PBXTargetDependency;
			target = 9D5DB79F25BF662800D0F463 /* Inspi */;
			targetProxy = 9D5DB7C225BF662900D0F463 /* PBXContainerItemProxy */;
		};
/* End PBXTargetDependency section */

/* Begin XCBuildConfiguration section */
		9D2F569925C176D000C9AAC9 /* Debug */ = {
			isa = XCBuildConfiguration;
			buildSettings = {
				ALWAYS_EMBED_SWIFT_STANDARD_LIBRARIES = YES;
				ASSETCATALOG_COMPILER_APPICON_NAME = AppIcon;
				ASSETCATALOG_COMPILER_GLOBAL_ACCENT_COLOR_NAME = AccentColor;
				CODE_SIGN_STYLE = Automatic;
				DEVELOPMENT_TEAM = 6675NKW34G;
				IBSC_MODULE = Inspi_Watch_Extension;
				INFOPLIST_FILE = "Inspi Watch/Info.plist";
				PRODUCT_BUNDLE_IDENTIFIER = awesome.app.Inspi.watchkitapp;
				PRODUCT_NAME = "$(TARGET_NAME)";
				SDKROOT = watchos;
				SKIP_INSTALL = YES;
				SWIFT_VERSION = 5.0;
				TARGETED_DEVICE_FAMILY = 4;
				WATCHOS_DEPLOYMENT_TARGET = 7.2;
			};
			name = Debug;
		};
		9D2F569A25C176D000C9AAC9 /* Release */ = {
			isa = XCBuildConfiguration;
			buildSettings = {
				ALWAYS_EMBED_SWIFT_STANDARD_LIBRARIES = YES;
				ASSETCATALOG_COMPILER_APPICON_NAME = AppIcon;
				ASSETCATALOG_COMPILER_GLOBAL_ACCENT_COLOR_NAME = AccentColor;
				CODE_SIGN_STYLE = Automatic;
				DEVELOPMENT_TEAM = 6675NKW34G;
				IBSC_MODULE = Inspi_Watch_Extension;
				INFOPLIST_FILE = "Inspi Watch/Info.plist";
				PRODUCT_BUNDLE_IDENTIFIER = awesome.app.Inspi.watchkitapp;
				PRODUCT_NAME = "$(TARGET_NAME)";
				SDKROOT = watchos;
				SKIP_INSTALL = YES;
				SWIFT_VERSION = 5.0;
				TARGETED_DEVICE_FAMILY = 4;
				WATCHOS_DEPLOYMENT_TARGET = 7.2;
			};
			name = Release;
		};
		9D2F569C25C176D000C9AAC9 /* Debug */ = {
			isa = XCBuildConfiguration;
			buildSettings = {
				ASSETCATALOG_COMPILER_COMPLICATION_NAME = Complication;
				CLANG_ENABLE_MODULES = YES;
				CODE_SIGN_STYLE = Automatic;
				DEVELOPMENT_ASSET_PATHS = "\"Inspi Watch Extension/Preview Content\"";
				DEVELOPMENT_TEAM = 6675NKW34G;
				ENABLE_PREVIEWS = YES;
				INFOPLIST_FILE = "Inspi Watch Extension/Info.plist";
				LD_RUNPATH_SEARCH_PATHS = (
					"$(inherited)",
					"@executable_path/Frameworks",
					"@executable_path/../../Frameworks",
				);
				PRODUCT_BUNDLE_IDENTIFIER = awesome.app.Inspi.watchkitapp.watchkitextension;
				PRODUCT_NAME = "${TARGET_NAME}";
				SDKROOT = watchos;
				SKIP_INSTALL = YES;
				SWIFT_OPTIMIZATION_LEVEL = "-Onone";
				SWIFT_VERSION = 5.0;
				TARGETED_DEVICE_FAMILY = 4;
				WATCHOS_DEPLOYMENT_TARGET = 7.2;
			};
			name = Debug;
		};
		9D2F569D25C176D000C9AAC9 /* Release */ = {
			isa = XCBuildConfiguration;
			buildSettings = {
				ASSETCATALOG_COMPILER_COMPLICATION_NAME = Complication;
				CLANG_ENABLE_MODULES = YES;
				CODE_SIGN_STYLE = Automatic;
				DEVELOPMENT_ASSET_PATHS = "\"Inspi Watch Extension/Preview Content\"";
				DEVELOPMENT_TEAM = 6675NKW34G;
				ENABLE_PREVIEWS = YES;
				INFOPLIST_FILE = "Inspi Watch Extension/Info.plist";
				LD_RUNPATH_SEARCH_PATHS = (
					"$(inherited)",
					"@executable_path/Frameworks",
					"@executable_path/../../Frameworks",
				);
				PRODUCT_BUNDLE_IDENTIFIER = awesome.app.Inspi.watchkitapp.watchkitextension;
				PRODUCT_NAME = "${TARGET_NAME}";
				SDKROOT = watchos;
				SKIP_INSTALL = YES;
				SWIFT_VERSION = 5.0;
				TARGETED_DEVICE_FAMILY = 4;
				WATCHOS_DEPLOYMENT_TARGET = 7.2;
			};
			name = Release;
		};
		9D5DB7C825BF662900D0F463 /* Debug */ = {
			isa = XCBuildConfiguration;
			buildSettings = {
				ALWAYS_SEARCH_USER_PATHS = NO;
				CLANG_ANALYZER_NONNULL = YES;
				CLANG_ANALYZER_NUMBER_OBJECT_CONVERSION = YES_AGGRESSIVE;
				CLANG_CXX_LANGUAGE_STANDARD = "gnu++14";
				CLANG_CXX_LIBRARY = "libc++";
				CLANG_ENABLE_MODULES = YES;
				CLANG_ENABLE_OBJC_ARC = YES;
				CLANG_ENABLE_OBJC_WEAK = YES;
				CLANG_WARN_BLOCK_CAPTURE_AUTORELEASING = YES;
				CLANG_WARN_BOOL_CONVERSION = YES;
				CLANG_WARN_COMMA = YES;
				CLANG_WARN_CONSTANT_CONVERSION = YES;
				CLANG_WARN_DEPRECATED_OBJC_IMPLEMENTATIONS = YES;
				CLANG_WARN_DIRECT_OBJC_ISA_USAGE = YES_ERROR;
				CLANG_WARN_DOCUMENTATION_COMMENTS = YES;
				CLANG_WARN_EMPTY_BODY = YES;
				CLANG_WARN_ENUM_CONVERSION = YES;
				CLANG_WARN_INFINITE_RECURSION = YES;
				CLANG_WARN_INT_CONVERSION = YES;
				CLANG_WARN_NON_LITERAL_NULL_CONVERSION = YES;
				CLANG_WARN_OBJC_IMPLICIT_RETAIN_SELF = YES;
				CLANG_WARN_OBJC_LITERAL_CONVERSION = YES;
				CLANG_WARN_OBJC_ROOT_CLASS = YES_ERROR;
				CLANG_WARN_QUOTED_INCLUDE_IN_FRAMEWORK_HEADER = YES;
				CLANG_WARN_RANGE_LOOP_ANALYSIS = YES;
				CLANG_WARN_STRICT_PROTOTYPES = YES;
				CLANG_WARN_SUSPICIOUS_MOVE = YES;
				CLANG_WARN_UNGUARDED_AVAILABILITY = YES_AGGRESSIVE;
				CLANG_WARN_UNREACHABLE_CODE = YES;
				CLANG_WARN__DUPLICATE_METHOD_MATCH = YES;
				COPY_PHASE_STRIP = NO;
				DEBUG_INFORMATION_FORMAT = dwarf;
				ENABLE_STRICT_OBJC_MSGSEND = YES;
				ENABLE_TESTABILITY = YES;
				GCC_C_LANGUAGE_STANDARD = gnu11;
				GCC_DYNAMIC_NO_PIC = NO;
				GCC_NO_COMMON_BLOCKS = YES;
				GCC_OPTIMIZATION_LEVEL = 0;
				GCC_PREPROCESSOR_DEFINITIONS = (
					"DEBUG=1",
					"$(inherited)",
				);
				GCC_WARN_64_TO_32_BIT_CONVERSION = YES;
				GCC_WARN_ABOUT_RETURN_TYPE = YES_ERROR;
				GCC_WARN_UNDECLARED_SELECTOR = YES;
				GCC_WARN_UNINITIALIZED_AUTOS = YES_AGGRESSIVE;
				GCC_WARN_UNUSED_FUNCTION = YES;
				GCC_WARN_UNUSED_VARIABLE = YES;
				IPHONEOS_DEPLOYMENT_TARGET = 14.3;
				MTL_ENABLE_DEBUG_INFO = INCLUDE_SOURCE;
				MTL_FAST_MATH = YES;
				ONLY_ACTIVE_ARCH = YES;
				SDKROOT = iphoneos;
				SWIFT_ACTIVE_COMPILATION_CONDITIONS = DEBUG;
				SWIFT_OPTIMIZATION_LEVEL = "-Onone";
			};
			name = Debug;
		};
		9D5DB7C925BF662900D0F463 /* Release */ = {
			isa = XCBuildConfiguration;
			buildSettings = {
				ALWAYS_SEARCH_USER_PATHS = NO;
				CLANG_ANALYZER_NONNULL = YES;
				CLANG_ANALYZER_NUMBER_OBJECT_CONVERSION = YES_AGGRESSIVE;
				CLANG_CXX_LANGUAGE_STANDARD = "gnu++14";
				CLANG_CXX_LIBRARY = "libc++";
				CLANG_ENABLE_MODULES = YES;
				CLANG_ENABLE_OBJC_ARC = YES;
				CLANG_ENABLE_OBJC_WEAK = YES;
				CLANG_WARN_BLOCK_CAPTURE_AUTORELEASING = YES;
				CLANG_WARN_BOOL_CONVERSION = YES;
				CLANG_WARN_COMMA = YES;
				CLANG_WARN_CONSTANT_CONVERSION = YES;
				CLANG_WARN_DEPRECATED_OBJC_IMPLEMENTATIONS = YES;
				CLANG_WARN_DIRECT_OBJC_ISA_USAGE = YES_ERROR;
				CLANG_WARN_DOCUMENTATION_COMMENTS = YES;
				CLANG_WARN_EMPTY_BODY = YES;
				CLANG_WARN_ENUM_CONVERSION = YES;
				CLANG_WARN_INFINITE_RECURSION = YES;
				CLANG_WARN_INT_CONVERSION = YES;
				CLANG_WARN_NON_LITERAL_NULL_CONVERSION = YES;
				CLANG_WARN_OBJC_IMPLICIT_RETAIN_SELF = YES;
				CLANG_WARN_OBJC_LITERAL_CONVERSION = YES;
				CLANG_WARN_OBJC_ROOT_CLASS = YES_ERROR;
				CLANG_WARN_QUOTED_INCLUDE_IN_FRAMEWORK_HEADER = YES;
				CLANG_WARN_RANGE_LOOP_ANALYSIS = YES;
				CLANG_WARN_STRICT_PROTOTYPES = YES;
				CLANG_WARN_SUSPICIOUS_MOVE = YES;
				CLANG_WARN_UNGUARDED_AVAILABILITY = YES_AGGRESSIVE;
				CLANG_WARN_UNREACHABLE_CODE = YES;
				CLANG_WARN__DUPLICATE_METHOD_MATCH = YES;
				COPY_PHASE_STRIP = NO;
				DEBUG_INFORMATION_FORMAT = "dwarf-with-dsym";
				ENABLE_NS_ASSERTIONS = NO;
				ENABLE_STRICT_OBJC_MSGSEND = YES;
				GCC_C_LANGUAGE_STANDARD = gnu11;
				GCC_NO_COMMON_BLOCKS = YES;
				GCC_WARN_64_TO_32_BIT_CONVERSION = YES;
				GCC_WARN_ABOUT_RETURN_TYPE = YES_ERROR;
				GCC_WARN_UNDECLARED_SELECTOR = YES;
				GCC_WARN_UNINITIALIZED_AUTOS = YES_AGGRESSIVE;
				GCC_WARN_UNUSED_FUNCTION = YES;
				GCC_WARN_UNUSED_VARIABLE = YES;
				IPHONEOS_DEPLOYMENT_TARGET = 14.3;
				MTL_ENABLE_DEBUG_INFO = NO;
				MTL_FAST_MATH = YES;
				SDKROOT = iphoneos;
				SWIFT_COMPILATION_MODE = wholemodule;
				SWIFT_OPTIMIZATION_LEVEL = "-O";
				VALIDATE_PRODUCT = YES;
			};
			name = Release;
		};
		9D5DB7CB25BF662900D0F463 /* Debug */ = {
			isa = XCBuildConfiguration;
			buildSettings = {
				ASSETCATALOG_COMPILER_APPICON_NAME = AppIcon;
				ASSETCATALOG_COMPILER_GLOBAL_ACCENT_COLOR_NAME = AccentColor;
				CODE_SIGN_STYLE = Automatic;
				DEVELOPMENT_ASSET_PATHS = "\"Inspi/Preview Content\"";
				DEVELOPMENT_TEAM = 6675NKW34G;
				ENABLE_PREVIEWS = YES;
				INFOPLIST_FILE = Inspi/Foundation/Info.plist;
				IPHONEOS_DEPLOYMENT_TARGET = 14.0;
				LD_RUNPATH_SEARCH_PATHS = (
					"$(inherited)",
					"@executable_path/Frameworks",
				);
				PRODUCT_BUNDLE_IDENTIFIER = awesome.app.Inspi;
				PRODUCT_NAME = "$(TARGET_NAME)";
				SWIFT_VERSION = 5.0;
				TARGETED_DEVICE_FAMILY = "1,2";
			};
			name = Debug;
		};
		9D5DB7CC25BF662900D0F463 /* Release */ = {
			isa = XCBuildConfiguration;
			buildSettings = {
				ASSETCATALOG_COMPILER_APPICON_NAME = AppIcon;
				ASSETCATALOG_COMPILER_GLOBAL_ACCENT_COLOR_NAME = AccentColor;
				CODE_SIGN_STYLE = Automatic;
				DEVELOPMENT_ASSET_PATHS = "\"Inspi/Preview Content\"";
				DEVELOPMENT_TEAM = 6675NKW34G;
				ENABLE_PREVIEWS = YES;
				INFOPLIST_FILE = Inspi/Foundation/Info.plist;
				IPHONEOS_DEPLOYMENT_TARGET = 14.0;
				LD_RUNPATH_SEARCH_PATHS = (
					"$(inherited)",
					"@executable_path/Frameworks",
				);
				PRODUCT_BUNDLE_IDENTIFIER = awesome.app.Inspi;
				PRODUCT_NAME = "$(TARGET_NAME)";
				SWIFT_VERSION = 5.0;
				TARGETED_DEVICE_FAMILY = "1,2";
			};
			name = Release;
		};
		9D5DB7CE25BF662900D0F463 /* Debug */ = {
			isa = XCBuildConfiguration;
			buildSettings = {
				ALWAYS_EMBED_SWIFT_STANDARD_LIBRARIES = YES;
				BUNDLE_LOADER = "$(TEST_HOST)";
				CODE_SIGN_STYLE = Automatic;
				DEVELOPMENT_TEAM = 6675NKW34G;
				INFOPLIST_FILE = InspiTests/Info.plist;
				IPHONEOS_DEPLOYMENT_TARGET = 14.0;
				LD_RUNPATH_SEARCH_PATHS = (
					"$(inherited)",
					"@executable_path/Frameworks",
					"@loader_path/Frameworks",
				);
				PRODUCT_BUNDLE_IDENTIFIER = awesome.app.InspiTests;
				PRODUCT_NAME = "$(TARGET_NAME)";
				SWIFT_VERSION = 5.0;
				TARGETED_DEVICE_FAMILY = "1,2";
				TEST_HOST = "$(BUILT_PRODUCTS_DIR)/Inspi.app/Inspi";
			};
			name = Debug;
		};
		9D5DB7CF25BF662900D0F463 /* Release */ = {
			isa = XCBuildConfiguration;
			buildSettings = {
				ALWAYS_EMBED_SWIFT_STANDARD_LIBRARIES = YES;
				BUNDLE_LOADER = "$(TEST_HOST)";
				CODE_SIGN_STYLE = Automatic;
				DEVELOPMENT_TEAM = 6675NKW34G;
				INFOPLIST_FILE = InspiTests/Info.plist;
				IPHONEOS_DEPLOYMENT_TARGET = 14.0;
				LD_RUNPATH_SEARCH_PATHS = (
					"$(inherited)",
					"@executable_path/Frameworks",
					"@loader_path/Frameworks",
				);
				PRODUCT_BUNDLE_IDENTIFIER = awesome.app.InspiTests;
				PRODUCT_NAME = "$(TARGET_NAME)";
				SWIFT_VERSION = 5.0;
				TARGETED_DEVICE_FAMILY = "1,2";
				TEST_HOST = "$(BUILT_PRODUCTS_DIR)/Inspi.app/Inspi";
			};
			name = Release;
		};
		9D5DB7D125BF662900D0F463 /* Debug */ = {
			isa = XCBuildConfiguration;
			buildSettings = {
				ALWAYS_EMBED_SWIFT_STANDARD_LIBRARIES = YES;
				CODE_SIGN_STYLE = Automatic;
				DEVELOPMENT_TEAM = 6675NKW34G;
				INFOPLIST_FILE = InspiUITests/Info.plist;
				LD_RUNPATH_SEARCH_PATHS = (
					"$(inherited)",
					"@executable_path/Frameworks",
					"@loader_path/Frameworks",
				);
				PRODUCT_BUNDLE_IDENTIFIER = awesome.app.InspiUITests;
				PRODUCT_NAME = "$(TARGET_NAME)";
				SWIFT_VERSION = 5.0;
				TARGETED_DEVICE_FAMILY = "1,2";
				TEST_TARGET_NAME = Inspi;
			};
			name = Debug;
		};
		9D5DB7D225BF662900D0F463 /* Release */ = {
			isa = XCBuildConfiguration;
			buildSettings = {
				ALWAYS_EMBED_SWIFT_STANDARD_LIBRARIES = YES;
				CODE_SIGN_STYLE = Automatic;
				DEVELOPMENT_TEAM = 6675NKW34G;
				INFOPLIST_FILE = InspiUITests/Info.plist;
				LD_RUNPATH_SEARCH_PATHS = (
					"$(inherited)",
					"@executable_path/Frameworks",
					"@loader_path/Frameworks",
				);
				PRODUCT_BUNDLE_IDENTIFIER = awesome.app.InspiUITests;
				PRODUCT_NAME = "$(TARGET_NAME)";
				SWIFT_VERSION = 5.0;
				TARGETED_DEVICE_FAMILY = "1,2";
				TEST_TARGET_NAME = Inspi;
			};
			name = Release;
		};
/* End XCBuildConfiguration section */

/* Begin XCConfigurationList section */
		9D2F569E25C176D000C9AAC9 /* Build configuration list for PBXNativeTarget "Inspi Watch Extension" */ = {
			isa = XCConfigurationList;
			buildConfigurations = (
				9D2F569C25C176D000C9AAC9 /* Debug */,
				9D2F569D25C176D000C9AAC9 /* Release */,
			);
			defaultConfigurationIsVisible = 0;
			defaultConfigurationName = Release;
		};
		9D2F569F25C176D000C9AAC9 /* Build configuration list for PBXNativeTarget "Inspi Watch" */ = {
			isa = XCConfigurationList;
			buildConfigurations = (
				9D2F569925C176D000C9AAC9 /* Debug */,
				9D2F569A25C176D000C9AAC9 /* Release */,
			);
			defaultConfigurationIsVisible = 0;
			defaultConfigurationName = Release;
		};
		9D5DB79B25BF662800D0F463 /* Build configuration list for PBXProject "Inspi" */ = {
			isa = XCConfigurationList;
			buildConfigurations = (
				9D5DB7C825BF662900D0F463 /* Debug */,
				9D5DB7C925BF662900D0F463 /* Release */,
			);
			defaultConfigurationIsVisible = 0;
			defaultConfigurationName = Release;
		};
		9D5DB7CA25BF662900D0F463 /* Build configuration list for PBXNativeTarget "Inspi" */ = {
			isa = XCConfigurationList;
			buildConfigurations = (
				9D5DB7CB25BF662900D0F463 /* Debug */,
				9D5DB7CC25BF662900D0F463 /* Release */,
			);
			defaultConfigurationIsVisible = 0;
			defaultConfigurationName = Release;
		};
		9D5DB7CD25BF662900D0F463 /* Build configuration list for PBXNativeTarget "InspiTests" */ = {
			isa = XCConfigurationList;
			buildConfigurations = (
				9D5DB7CE25BF662900D0F463 /* Debug */,
				9D5DB7CF25BF662900D0F463 /* Release */,
			);
			defaultConfigurationIsVisible = 0;
			defaultConfigurationName = Release;
		};
		9D5DB7D025BF662900D0F463 /* Build configuration list for PBXNativeTarget "InspiUITests" */ = {
			isa = XCConfigurationList;
			buildConfigurations = (
				9D5DB7D125BF662900D0F463 /* Debug */,
				9D5DB7D225BF662900D0F463 /* Release */,
			);
			defaultConfigurationIsVisible = 0;
			defaultConfigurationName = Release;
		};
/* End XCConfigurationList section */

/* Begin XCRemoteSwiftPackageReference section */
		9DCF79D625C01BF000518621 /* XCRemoteSwiftPackageReference "Kingfisher" */ = {
			isa = XCRemoteSwiftPackageReference;
			repositoryURL = "https://github.com/onevcat/Kingfisher.git";
			requirement = {
				kind = upToNextMajorVersion;
				minimumVersion = 6.0.1;
			};
		};
/* End XCRemoteSwiftPackageReference section */

/* Begin XCSwiftPackageProductDependency section */
		9D2F56EB25C17E4B00C9AAC9 /* Kingfisher */ = {
			isa = XCSwiftPackageProductDependency;
			package = 9DCF79D625C01BF000518621 /* XCRemoteSwiftPackageReference "Kingfisher" */;
			productName = Kingfisher;
		};
		9DCF79D725C01BF000518621 /* Kingfisher */ = {
			isa = XCSwiftPackageProductDependency;
			package = 9DCF79D625C01BF000518621 /* XCRemoteSwiftPackageReference "Kingfisher" */;
			productName = Kingfisher;
		};
/* End XCSwiftPackageProductDependency section */

/* Begin XCVersionGroup section */
		9D5DB7AE25BF662900D0F463 /* Inspi.xcdatamodeld */ = {
			isa = XCVersionGroup;
			children = (
				9D5DB7AF25BF662900D0F463 /* Inspi.xcdatamodel */,
			);
			currentVersion = 9D5DB7AF25BF662900D0F463 /* Inspi.xcdatamodel */;
			path = Inspi.xcdatamodeld;
			sourceTree = "<group>";
			versionGroupType = wrapper.xcdatamodel;
		};
/* End XCVersionGroup section */
	};
	rootObject = 9D5DB79825BF662800D0F463 /* Project object */;
}
